// !$*UTF8*$!
{
	archiveVersion = 1;
	classes = {
	};
	objectVersion = 56;
	objects = {

/* Begin PBXBuildFile section */
		5AB6DF4529F862C400358D1F /* BookTrackerApp.swift in Sources */ = {isa = PBXBuildFile; fileRef = 5AB6DF4429F862C400358D1F /* BookTrackerApp.swift */; };
		5AB6DF4729F862C400358D1F /* ContentView.swift in Sources */ = {isa = PBXBuildFile; fileRef = 5AB6DF4629F862C400358D1F /* ContentView.swift */; };
		5AB6DF4929F862C600358D1F /* Assets.xcassets in Resources */ = {isa = PBXBuildFile; fileRef = 5AB6DF4829F862C600358D1F /* Assets.xcassets */; };
		5AB6DF4C29F862C600358D1F /* Preview Assets.xcassets in Resources */ = {isa = PBXBuildFile; fileRef = 5AB6DF4B29F862C600358D1F /* Preview Assets.xcassets */; };
		5AB6DF4E29F862C600358D1F /* Persistence.swift in Sources */ = {isa = PBXBuildFile; fileRef = 5AB6DF4D29F862C600358D1F /* Persistence.swift */; };
		5AB6DF5129F862C600358D1F /* books_tracker.xcdatamodeld in Sources */ = {isa = PBXBuildFile; fileRef = 5AB6DF4F29F862C600358D1F /* books_tracker.xcdatamodeld */; };
		5AB6DF5B29F862C600358D1F /* books_trackerTests.swift in Sources */ = {isa = PBXBuildFile; fileRef = 5AB6DF5A29F862C600358D1F /* books_trackerTests.swift */; };
		5AB6DF6529F862C600358D1F /* books_trackerUITests.swift in Sources */ = {isa = PBXBuildFile; fileRef = 5AB6DF6429F862C600358D1F /* books_trackerUITests.swift */; };
		5AB6DF6729F862C600358D1F /* books_trackerUITestsLaunchTests.swift in Sources */ = {isa = PBXBuildFile; fileRef = 5AB6DF6629F862C600358D1F /* books_trackerUITestsLaunchTests.swift */; };
		5AB6DF7729F8666A00358D1F /* BooksTrackerModel.swift in Sources */ = {isa = PBXBuildFile; fileRef = 5AB6DF7629F8666A00358D1F /* BooksTrackerModel.swift */; };
		5AB6DF7929F873BF00358D1F /* AddNewBookView.swift in Sources */ = {isa = PBXBuildFile; fileRef = 5AB6DF7829F873BF00358D1F /* AddNewBookView.swift */; };
		5AB6DF7B29F8763600358D1F /* HomeView.swift in Sources */ = {isa = PBXBuildFile; fileRef = 5AB6DF7A29F8763600358D1F /* HomeView.swift */; };
/* End PBXBuildFile section */

/* Begin PBXContainerItemProxy section */
		5AB6DF5729F862C600358D1F /* PBXContainerItemProxy */ = {
			isa = PBXContainerItemProxy;
			containerPortal = 5AB6DF3929F862C400358D1F /* Project object */;
			proxyType = 1;
			remoteGlobalIDString = 5AB6DF4029F862C400358D1F;
			remoteInfo = "books-tracker";
		};
		5AB6DF6129F862C600358D1F /* PBXContainerItemProxy */ = {
			isa = PBXContainerItemProxy;
			containerPortal = 5AB6DF3929F862C400358D1F /* Project object */;
			proxyType = 1;
			remoteGlobalIDString = 5AB6DF4029F862C400358D1F;
			remoteInfo = "books-tracker";
		};
/* End PBXContainerItemProxy section */

/* Begin PBXFileReference section */
		5AB6DF4129F862C400358D1F /* books-tracker.app */ = {isa = PBXFileReference; explicitFileType = wrapper.application; includeInIndex = 0; path = "books-tracker.app"; sourceTree = BUILT_PRODUCTS_DIR; };
		5AB6DF4429F862C400358D1F /* BookTrackerApp.swift */ = {isa = PBXFileReference; lastKnownFileType = sourcecode.swift; path = BookTrackerApp.swift; sourceTree = "<group>"; };
		5AB6DF4629F862C400358D1F /* ContentView.swift */ = {isa = PBXFileReference; lastKnownFileType = sourcecode.swift; path = ContentView.swift; sourceTree = "<group>"; };
		5AB6DF4829F862C600358D1F /* Assets.xcassets */ = {isa = PBXFileReference; lastKnownFileType = folder.assetcatalog; path = Assets.xcassets; sourceTree = "<group>"; };
		5AB6DF4B29F862C600358D1F /* Preview Assets.xcassets */ = {isa = PBXFileReference; lastKnownFileType = folder.assetcatalog; path = "Preview Assets.xcassets"; sourceTree = "<group>"; };
		5AB6DF4D29F862C600358D1F /* Persistence.swift */ = {isa = PBXFileReference; lastKnownFileType = sourcecode.swift; path = Persistence.swift; sourceTree = "<group>"; };
		5AB6DF5029F862C600358D1F /* books_tracker.xcdatamodel */ = {isa = PBXFileReference; lastKnownFileType = wrapper.xcdatamodel; path = books_tracker.xcdatamodel; sourceTree = "<group>"; };
		5AB6DF5629F862C600358D1F /* books-trackerTests.xctest */ = {isa = PBXFileReference; explicitFileType = wrapper.cfbundle; includeInIndex = 0; path = "books-trackerTests.xctest"; sourceTree = BUILT_PRODUCTS_DIR; };
		5AB6DF5A29F862C600358D1F /* books_trackerTests.swift */ = {isa = PBXFileReference; lastKnownFileType = sourcecode.swift; path = books_trackerTests.swift; sourceTree = "<group>"; };
		5AB6DF6029F862C600358D1F /* books-trackerUITests.xctest */ = {isa = PBXFileReference; explicitFileType = wrapper.cfbundle; includeInIndex = 0; path = "books-trackerUITests.xctest"; sourceTree = BUILT_PRODUCTS_DIR; };
		5AB6DF6429F862C600358D1F /* books_trackerUITests.swift */ = {isa = PBXFileReference; lastKnownFileType = sourcecode.swift; path = books_trackerUITests.swift; sourceTree = "<group>"; };
		5AB6DF6629F862C600358D1F /* books_trackerUITestsLaunchTests.swift */ = {isa = PBXFileReference; lastKnownFileType = sourcecode.swift; path = books_trackerUITestsLaunchTests.swift; sourceTree = "<group>"; };
		5AB6DF7629F8666A00358D1F /* BooksTrackerModel.swift */ = {isa = PBXFileReference; lastKnownFileType = sourcecode.swift; path = BooksTrackerModel.swift; sourceTree = "<group>"; };
		5AB6DF7829F873BF00358D1F /* AddNewBookView.swift */ = {isa = PBXFileReference; lastKnownFileType = sourcecode.swift; path = AddNewBookView.swift; sourceTree = "<group>"; };
		5AB6DF7A29F8763600358D1F /* HomeView.swift */ = {isa = PBXFileReference; lastKnownFileType = sourcecode.swift; path = HomeView.swift; sourceTree = "<group>"; };
/* End PBXFileReference section */

/* Begin PBXFrameworksBuildPhase section */
		5AB6DF3E29F862C400358D1F /* Frameworks */ = {
			isa = PBXFrameworksBuildPhase;
			buildActionMask = 2147483647;
			files = (
			);
			runOnlyForDeploymentPostprocessing = 0;
		};
		5AB6DF5329F862C600358D1F /* Frameworks */ = {
			isa = PBXFrameworksBuildPhase;
			buildActionMask = 2147483647;
			files = (
			);
			runOnlyForDeploymentPostprocessing = 0;
		};
		5AB6DF5D29F862C600358D1F /* Frameworks */ = {
			isa = PBXFrameworksBuildPhase;
			buildActionMask = 2147483647;
			files = (
			);
			runOnlyForDeploymentPostprocessing = 0;
		};
/* End PBXFrameworksBuildPhase section */

/* Begin PBXGroup section */
		5AB6DF3829F862C400358D1F = {
			isa = PBXGroup;
			children = (
				5AB6DF4329F862C400358D1F /* books-tracker */,
				5AB6DF5929F862C600358D1F /* books-trackerTests */,
				5AB6DF6329F862C600358D1F /* books-trackerUITests */,
				5AB6DF4229F862C400358D1F /* Products */,
			);
			sourceTree = "<group>";
		};
		5AB6DF4229F862C400358D1F /* Products */ = {
			isa = PBXGroup;
			children = (
				5AB6DF4129F862C400358D1F /* books-tracker.app */,
				5AB6DF5629F862C600358D1F /* books-trackerTests.xctest */,
				5AB6DF6029F862C600358D1F /* books-trackerUITests.xctest */,
			);
			name = Products;
			sourceTree = "<group>";
		};
		5AB6DF4329F862C400358D1F /* books-tracker */ = {
			isa = PBXGroup;
			children = (
				5AB6DF4429F862C400358D1F /* BookTrackerApp.swift */,
				5AB6DF4629F862C400358D1F /* ContentView.swift */,
				5AB6DF7529F8647400358D1F /* Models */,
				5AB6DF7429F8646C00358D1F /* Views */,
				5AB6DF7329F8645800358D1F /* ViewModels */,
				5AB6DF4829F862C600358D1F /* Assets.xcassets */,
				5AB6DF4A29F862C600358D1F /* Preview Content */,
			);
			path = "books-tracker";
			sourceTree = "<group>";
		};
		5AB6DF4A29F862C600358D1F /* Preview Content */ = {
			isa = PBXGroup;
			children = (
				5AB6DF4B29F862C600358D1F /* Preview Assets.xcassets */,
			);
			path = "Preview Content";
			sourceTree = "<group>";
		};
		5AB6DF5929F862C600358D1F /* books-trackerTests */ = {
			isa = PBXGroup;
			children = (
				5AB6DF5A29F862C600358D1F /* books_trackerTests.swift */,
			);
			path = "books-trackerTests";
			sourceTree = "<group>";
		};
		5AB6DF6329F862C600358D1F /* books-trackerUITests */ = {
			isa = PBXGroup;
			children = (
				5AB6DF6429F862C600358D1F /* books_trackerUITests.swift */,
				5AB6DF6629F862C600358D1F /* books_trackerUITestsLaunchTests.swift */,
			);
			path = "books-trackerUITests";
			sourceTree = "<group>";
		};
		5AB6DF7329F8645800358D1F /* ViewModels */ = {
			isa = PBXGroup;
			children = (
				5AB6DF7629F8666A00358D1F /* BooksTrackerModel.swift */,
			);
			path = ViewModels;
			sourceTree = "<group>";
		};
		5AB6DF7429F8646C00358D1F /* Views */ = {
			isa = PBXGroup;
			children = (
				5AB6DF7829F873BF00358D1F /* AddNewBookView.swift */,
				5AB6DF7A29F8763600358D1F /* HomeView.swift */,
			);
			path = Views;
			sourceTree = "<group>";
		};
		5AB6DF7529F8647400358D1F /* Models */ = {
			isa = PBXGroup;
			children = (
				5AB6DF4F29F862C600358D1F /* books_tracker.xcdatamodeld */,
				5AB6DF4D29F862C600358D1F /* Persistence.swift */,
			);
			path = Models;
			sourceTree = "<group>";
		};
/* End PBXGroup section */

/* Begin PBXNativeTarget section */
		5AB6DF4029F862C400358D1F /* books-tracker */ = {
			isa = PBXNativeTarget;
			buildConfigurationList = 5AB6DF6A29F862C600358D1F /* Build configuration list for PBXNativeTarget "books-tracker" */;
			buildPhases = (
				5AB6DF3D29F862C400358D1F /* Sources */,
				5AB6DF3E29F862C400358D1F /* Frameworks */,
				5AB6DF3F29F862C400358D1F /* Resources */,
			);
			buildRules = (
			);
			dependencies = (
			);
			name = "books-tracker";
			productName = "books-tracker";
			productReference = 5AB6DF4129F862C400358D1F /* books-tracker.app */;
			productType = "com.apple.product-type.application";
		};
		5AB6DF5529F862C600358D1F /* books-trackerTests */ = {
			isa = PBXNativeTarget;
			buildConfigurationList = 5AB6DF6D29F862C600358D1F /* Build configuration list for PBXNativeTarget "books-trackerTests" */;
			buildPhases = (
				5AB6DF5229F862C600358D1F /* Sources */,
				5AB6DF5329F862C600358D1F /* Frameworks */,
				5AB6DF5429F862C600358D1F /* Resources */,
			);
			buildRules = (
			);
			dependencies = (
				5AB6DF5829F862C600358D1F /* PBXTargetDependency */,
			);
			name = "books-trackerTests";
			productName = "books-trackerTests";
			productReference = 5AB6DF5629F862C600358D1F /* books-trackerTests.xctest */;
			productType = "com.apple.product-type.bundle.unit-test";
		};
		5AB6DF5F29F862C600358D1F /* books-trackerUITests */ = {
			isa = PBXNativeTarget;
			buildConfigurationList = 5AB6DF7029F862C600358D1F /* Build configuration list for PBXNativeTarget "books-trackerUITests" */;
			buildPhases = (
				5AB6DF5C29F862C600358D1F /* Sources */,
				5AB6DF5D29F862C600358D1F /* Frameworks */,
				5AB6DF5E29F862C600358D1F /* Resources */,
			);
			buildRules = (
			);
			dependencies = (
				5AB6DF6229F862C600358D1F /* PBXTargetDependency */,
			);
			name = "books-trackerUITests";
			productName = "books-trackerUITests";
			productReference = 5AB6DF6029F862C600358D1F /* books-trackerUITests.xctest */;
			productType = "com.apple.product-type.bundle.ui-testing";
		};
/* End PBXNativeTarget section */

/* Begin PBXProject section */
		5AB6DF3929F862C400358D1F /* Project object */ = {
			isa = PBXProject;
			attributes = {
				BuildIndependentTargetsInParallel = 1;
				LastSwiftUpdateCheck = 1430;
				LastUpgradeCheck = 1430;
				TargetAttributes = {
					5AB6DF4029F862C400358D1F = {
						CreatedOnToolsVersion = 14.3;
					};
					5AB6DF5529F862C600358D1F = {
						CreatedOnToolsVersion = 14.3;
						TestTargetID = 5AB6DF4029F862C400358D1F;
					};
					5AB6DF5F29F862C600358D1F = {
						CreatedOnToolsVersion = 14.3;
						TestTargetID = 5AB6DF4029F862C400358D1F;
					};
				};
			};
			buildConfigurationList = 5AB6DF3C29F862C400358D1F /* Build configuration list for PBXProject "books-tracker" */;
			compatibilityVersion = "Xcode 14.0";
			developmentRegion = en;
			hasScannedForEncodings = 0;
			knownRegions = (
				en,
				Base,
			);
			mainGroup = 5AB6DF3829F862C400358D1F;
			productRefGroup = 5AB6DF4229F862C400358D1F /* Products */;
			projectDirPath = "";
			projectRoot = "";
			targets = (
				5AB6DF4029F862C400358D1F /* books-tracker */,
				5AB6DF5529F862C600358D1F /* books-trackerTests */,
				5AB6DF5F29F862C600358D1F /* books-trackerUITests */,
			);
		};
/* End PBXProject section */

/* Begin PBXResourcesBuildPhase section */
		5AB6DF3F29F862C400358D1F /* Resources */ = {
			isa = PBXResourcesBuildPhase;
			buildActionMask = 2147483647;
			files = (
				5AB6DF4C29F862C600358D1F /* Preview Assets.xcassets in Resources */,
				5AB6DF4929F862C600358D1F /* Assets.xcassets in Resources */,
			);
			runOnlyForDeploymentPostprocessing = 0;
		};
		5AB6DF5429F862C600358D1F /* Resources */ = {
			isa = PBXResourcesBuildPhase;
			buildActionMask = 2147483647;
			files = (
			);
			runOnlyForDeploymentPostprocessing = 0;
		};
		5AB6DF5E29F862C600358D1F /* Resources */ = {
			isa = PBXResourcesBuildPhase;
			buildActionMask = 2147483647;
			files = (
			);
			runOnlyForDeploymentPostprocessing = 0;
		};
/* End PBXResourcesBuildPhase section */

/* Begin PBXSourcesBuildPhase section */
		5AB6DF3D29F862C400358D1F /* Sources */ = {
			isa = PBXSourcesBuildPhase;
			buildActionMask = 2147483647;
			files = (
				5AB6DF7729F8666A00358D1F /* BooksTrackerModel.swift in Sources */,
				5AB6DF7B29F8763600358D1F /* HomeView.swift in Sources */,
				5AB6DF4E29F862C600358D1F /* Persistence.swift in Sources */,
				5AB6DF7929F873BF00358D1F /* AddNewBookView.swift in Sources */,
				5AB6DF4729F862C400358D1F /* ContentView.swift in Sources */,
				5AB6DF4529F862C400358D1F /* BookTrackerApp.swift in Sources */,
				5AB6DF5129F862C600358D1F /* books_tracker.xcdatamodeld in Sources */,
			);
			runOnlyForDeploymentPostprocessing = 0;
		};
		5AB6DF5229F862C600358D1F /* Sources */ = {
			isa = PBXSourcesBuildPhase;
			buildActionMask = 2147483647;
			files = (
				5AB6DF5B29F862C600358D1F /* books_trackerTests.swift in Sources */,
			);
			runOnlyForDeploymentPostprocessing = 0;
		};
		5AB6DF5C29F862C600358D1F /* Sources */ = {
			isa = PBXSourcesBuildPhase;
			buildActionMask = 2147483647;
			files = (
				5AB6DF6729F862C600358D1F /* books_trackerUITestsLaunchTests.swift in Sources */,
				5AB6DF6529F862C600358D1F /* books_trackerUITests.swift in Sources */,
			);
			runOnlyForDeploymentPostprocessing = 0;
		};
/* End PBXSourcesBuildPhase section */

/* Begin PBXTargetDependency section */
		5AB6DF5829F862C600358D1F /* PBXTargetDependency */ = {
			isa = PBXTargetDependency;
			target = 5AB6DF4029F862C400358D1F /* books-tracker */;
			targetProxy = 5AB6DF5729F862C600358D1F /* PBXContainerItemProxy */;
		};
		5AB6DF6229F862C600358D1F /* PBXTargetDependency */ = {
			isa = PBXTargetDependency;
			target = 5AB6DF4029F862C400358D1F /* books-tracker */;
			targetProxy = 5AB6DF6129F862C600358D1F /* PBXContainerItemProxy */;
		};
/* End PBXTargetDependency section */

/* Begin XCBuildConfiguration section */
		5AB6DF6829F862C600358D1F /* Debug */ = {
			isa = XCBuildConfiguration;
			buildSettings = {
				ALWAYS_SEARCH_USER_PATHS = NO;
				CLANG_ANALYZER_NONNULL = YES;
				CLANG_ANALYZER_NUMBER_OBJECT_CONVERSION = YES_AGGRESSIVE;
				CLANG_CXX_LANGUAGE_STANDARD = "gnu++20";
				CLANG_ENABLE_MODULES = YES;
				CLANG_ENABLE_OBJC_ARC = YES;
				CLANG_ENABLE_OBJC_WEAK = YES;
				CLANG_WARN_BLOCK_CAPTURE_AUTORELEASING = YES;
				CLANG_WARN_BOOL_CONVERSION = YES;
				CLANG_WARN_COMMA = YES;
				CLANG_WARN_CONSTANT_CONVERSION = YES;
				CLANG_WARN_DEPRECATED_OBJC_IMPLEMENTATIONS = YES;
				CLANG_WARN_DIRECT_OBJC_ISA_USAGE = YES_ERROR;
				CLANG_WARN_DOCUMENTATION_COMMENTS = YES;
				CLANG_WARN_EMPTY_BODY = YES;
				CLANG_WARN_ENUM_CONVERSION = YES;
				CLANG_WARN_INFINITE_RECURSION = YES;
				CLANG_WARN_INT_CONVERSION = YES;
				CLANG_WARN_NON_LITERAL_NULL_CONVERSION = YES;
				CLANG_WARN_OBJC_IMPLICIT_RETAIN_SELF = YES;
				CLANG_WARN_OBJC_LITERAL_CONVERSION = YES;
				CLANG_WARN_OBJC_ROOT_CLASS = YES_ERROR;
				CLANG_WARN_QUOTED_INCLUDE_IN_FRAMEWORK_HEADER = YES;
				CLANG_WARN_RANGE_LOOP_ANALYSIS = YES;
				CLANG_WARN_STRICT_PROTOTYPES = YES;
				CLANG_WARN_SUSPICIOUS_MOVE = YES;
				CLANG_WARN_UNGUARDED_AVAILABILITY = YES_AGGRESSIVE;
				CLANG_WARN_UNREACHABLE_CODE = YES;
				CLANG_WARN__DUPLICATE_METHOD_MATCH = YES;
				COPY_PHASE_STRIP = NO;
				DEBUG_INFORMATION_FORMAT = dwarf;
				ENABLE_STRICT_OBJC_MSGSEND = YES;
				ENABLE_TESTABILITY = YES;
				GCC_C_LANGUAGE_STANDARD = gnu11;
				GCC_DYNAMIC_NO_PIC = NO;
				GCC_NO_COMMON_BLOCKS = YES;
				GCC_OPTIMIZATION_LEVEL = 0;
				GCC_PREPROCESSOR_DEFINITIONS = (
					"DEBUG=1",
					"$(inherited)",
				);
				GCC_WARN_64_TO_32_BIT_CONVERSION = YES;
				GCC_WARN_ABOUT_RETURN_TYPE = YES_ERROR;
				GCC_WARN_UNDECLARED_SELECTOR = YES;
				GCC_WARN_UNINITIALIZED_AUTOS = YES_AGGRESSIVE;
				GCC_WARN_UNUSED_FUNCTION = YES;
				GCC_WARN_UNUSED_VARIABLE = YES;
				IPHONEOS_DEPLOYMENT_TARGET = 16.4;
				MTL_ENABLE_DEBUG_INFO = INCLUDE_SOURCE;
				MTL_FAST_MATH = YES;
				ONLY_ACTIVE_ARCH = YES;
				SDKROOT = iphoneos;
				SWIFT_ACTIVE_COMPILATION_CONDITIONS = DEBUG;
				SWIFT_OPTIMIZATION_LEVEL = "-Onone";
			};
			name = Debug;
		};
		5AB6DF6929F862C600358D1F /* Release */ = {
			isa = XCBuildConfiguration;
			buildSettings = {
				ALWAYS_SEARCH_USER_PATHS = NO;
				CLANG_ANALYZER_NONNULL = YES;
				CLANG_ANALYZER_NUMBER_OBJECT_CONVERSION = YES_AGGRESSIVE;
				CLANG_CXX_LANGUAGE_STANDARD = "gnu++20";
				CLANG_ENABLE_MODULES = YES;
				CLANG_ENABLE_OBJC_ARC = YES;
				CLANG_ENABLE_OBJC_WEAK = YES;
				CLANG_WARN_BLOCK_CAPTURE_AUTORELEASING = YES;
				CLANG_WARN_BOOL_CONVERSION = YES;
				CLANG_WARN_COMMA = YES;
				CLANG_WARN_CONSTANT_CONVERSION = YES;
				CLANG_WARN_DEPRECATED_OBJC_IMPLEMENTATIONS = YES;
				CLANG_WARN_DIRECT_OBJC_ISA_USAGE = YES_ERROR;
				CLANG_WARN_DOCUMENTATION_COMMENTS = YES;
				CLANG_WARN_EMPTY_BODY = YES;
				CLANG_WARN_ENUM_CONVERSION = YES;
				CLANG_WARN_INFINITE_RECURSION = YES;
				CLANG_WARN_INT_CONVERSION = YES;
				CLANG_WARN_NON_LITERAL_NULL_CONVERSION = YES;
				CLANG_WARN_OBJC_IMPLICIT_RETAIN_SELF = YES;
				CLANG_WARN_OBJC_LITERAL_CONVERSION = YES;
				CLANG_WARN_OBJC_ROOT_CLASS = YES_ERROR;
				CLANG_WARN_QUOTED_INCLUDE_IN_FRAMEWORK_HEADER = YES;
				CLANG_WARN_RANGE_LOOP_ANALYSIS = YES;
				CLANG_WARN_STRICT_PROTOTYPES = YES;
				CLANG_WARN_SUSPICIOUS_MOVE = YES;
				CLANG_WARN_UNGUARDED_AVAILABILITY = YES_AGGRESSIVE;
				CLANG_WARN_UNREACHABLE_CODE = YES;
				CLANG_WARN__DUPLICATE_METHOD_MATCH = YES;
				COPY_PHASE_STRIP = NO;
				DEBUG_INFORMATION_FORMAT = "dwarf-with-dsym";
				ENABLE_NS_ASSERTIONS = NO;
				ENABLE_STRICT_OBJC_MSGSEND = YES;
				GCC_C_LANGUAGE_STANDARD = gnu11;
				GCC_NO_COMMON_BLOCKS = YES;
				GCC_WARN_64_TO_32_BIT_CONVERSION = YES;
				GCC_WARN_ABOUT_RETURN_TYPE = YES_ERROR;
				GCC_WARN_UNDECLARED_SELECTOR = YES;
				GCC_WARN_UNINITIALIZED_AUTOS = YES_AGGRESSIVE;
				GCC_WARN_UNUSED_FUNCTION = YES;
				GCC_WARN_UNUSED_VARIABLE = YES;
				IPHONEOS_DEPLOYMENT_TARGET = 16.4;
				MTL_ENABLE_DEBUG_INFO = NO;
				MTL_FAST_MATH = YES;
				SDKROOT = iphoneos;
				SWIFT_COMPILATION_MODE = wholemodule;
				SWIFT_OPTIMIZATION_LEVEL = "-O";
				VALIDATE_PRODUCT = YES;
			};
			name = Release;
		};
		5AB6DF6B29F862C600358D1F /* Debug */ = {
			isa = XCBuildConfiguration;
			buildSettings = {
				ASSETCATALOG_COMPILER_APPICON_NAME = AppIcon;
				ASSETCATALOG_COMPILER_GLOBAL_ACCENT_COLOR_NAME = AccentColor;
				CODE_SIGN_STYLE = Automatic;
				CURRENT_PROJECT_VERSION = 1;
				DEVELOPMENT_ASSET_PATHS = "\"books-tracker/Preview Content\"";
				DEVELOPMENT_TEAM = 94P9U8H695;
				ENABLE_PREVIEWS = YES;
				GENERATE_INFOPLIST_FILE = YES;
				INFOPLIST_KEY_UIApplicationSceneManifest_Generation = YES;
				INFOPLIST_KEY_UIApplicationSupportsIndirectInputEvents = YES;
				INFOPLIST_KEY_UILaunchScreen_Generation = YES;
				INFOPLIST_KEY_UISupportedInterfaceOrientations_iPad = "UIInterfaceOrientationPortrait UIInterfaceOrientationPortraitUpsideDown UIInterfaceOrientationLandscapeLeft UIInterfaceOrientationLandscapeRight";
				INFOPLIST_KEY_UISupportedInterfaceOrientations_iPhone = "UIInterfaceOrientationPortrait UIInterfaceOrientationLandscapeLeft UIInterfaceOrientationLandscapeRight";
				LD_RUNPATH_SEARCH_PATHS = (
					"$(inherited)",
					"@executable_path/Frameworks",
				);
				MARKETING_VERSION = 1.0;
				PRODUCT_BUNDLE_IDENTIFIER = "RP.books-tracker";
				PRODUCT_NAME = "$(TARGET_NAME)";
				SWIFT_EMIT_LOC_STRINGS = YES;
				SWIFT_VERSION = 5.0;
				TARGETED_DEVICE_FAMILY = "1,2";
			};
			name = Debug;
		};
		5AB6DF6C29F862C600358D1F /* Release */ = {
			isa = XCBuildConfiguration;
			buildSettings = {
				ASSETCATALOG_COMPILER_APPICON_NAME = AppIcon;
				ASSETCATALOG_COMPILER_GLOBAL_ACCENT_COLOR_NAME = AccentColor;
				CODE_SIGN_STYLE = Automatic;
				CURRENT_PROJECT_VERSION = 1;
				DEVELOPMENT_ASSET_PATHS = "\"books-tracker/Preview Content\"";
				DEVELOPMENT_TEAM = 94P9U8H695;
				ENABLE_PREVIEWS = YES;
				GENERATE_INFOPLIST_FILE = YES;
				INFOPLIST_KEY_UIApplicationSceneManifest_Generation = YES;
				INFOPLIST_KEY_UIApplicationSupportsIndirectInputEvents = YES;
				INFOPLIST_KEY_UILaunchScreen_Generation = YES;
				INFOPLIST_KEY_UISupportedInterfaceOrientations_iPad = "UIInterfaceOrientationPortrait UIInterfaceOrientationPortraitUpsideDown UIInterfaceOrientationLandscapeLeft UIInterfaceOrientationLandscapeRight";
				INFOPLIST_KEY_UISupportedInterfaceOrientations_iPhone = "UIInterfaceOrientationPortrait UIInterfaceOrientationLandscapeLeft UIInterfaceOrientationLandscapeRight";
				LD_RUNPATH_SEARCH_PATHS = (
					"$(inherited)",
					"@executable_path/Frameworks",
				);
				MARKETING_VERSION = 1.0;
				PRODUCT_BUNDLE_IDENTIFIER = "RP.books-tracker";
				PRODUCT_NAME = "$(TARGET_NAME)";
				SWIFT_EMIT_LOC_STRINGS = YES;
				SWIFT_VERSION = 5.0;
				TARGETED_DEVICE_FAMILY = "1,2";
			};
			name = Release;
		};
		5AB6DF6E29F862C600358D1F /* Debug */ = {
			isa = XCBuildConfiguration;
			buildSettings = {
				ALWAYS_EMBED_SWIFT_STANDARD_LIBRARIES = YES;
				BUNDLE_LOADER = "$(TEST_HOST)";
				CODE_SIGN_STYLE = Automatic;
				CURRENT_PROJECT_VERSION = 1;
				DEVELOPMENT_TEAM = 94P9U8H695;
				GENERATE_INFOPLIST_FILE = YES;
				IPHONEOS_DEPLOYMENT_TARGET = 16.4;
				MARKETING_VERSION = 1.0;
				PRODUCT_BUNDLE_IDENTIFIER = "RP.books-trackerTests";
				PRODUCT_NAME = "$(TARGET_NAME)";
				SWIFT_EMIT_LOC_STRINGS = NO;
				SWIFT_VERSION = 5.0;
				TARGETED_DEVICE_FAMILY = "1,2";
				TEST_HOST = "$(BUILT_PRODUCTS_DIR)/books-tracker.app/$(BUNDLE_EXECUTABLE_FOLDER_PATH)/books-tracker";
			};
			name = Debug;
		};
		5AB6DF6F29F862C600358D1F /* Release */ = {
			isa = XCBuildConfiguration;
			buildSettings = {
				ALWAYS_EMBED_SWIFT_STANDARD_LIBRARIES = YES;
				BUNDLE_LOADER = "$(TEST_HOST)";
				CODE_SIGN_STYLE = Automatic;
				CURRENT_PROJECT_VERSION = 1;
				DEVELOPMENT_TEAM = 94P9U8H695;
				GENERATE_INFOPLIST_FILE = YES;
				IPHONEOS_DEPLOYMENT_TARGET = 16.4;
				MARKETING_VERSION = 1.0;
				PRODUCT_BUNDLE_IDENTIFIER = "RP.books-trackerTests";
				PRODUCT_NAME = "$(TARGET_NAME)";
				SWIFT_EMIT_LOC_STRINGS = NO;
				SWIFT_VERSION = 5.0;
				TARGETED_DEVICE_FAMILY = "1,2";
				TEST_HOST = "$(BUILT_PRODUCTS_DIR)/books-tracker.app/$(BUNDLE_EXECUTABLE_FOLDER_PATH)/books-tracker";
			};
			name = Release;
		};
		5AB6DF7129F862C600358D1F /* Debug */ = {
			isa = XCBuildConfiguration;
			buildSettings = {
				ALWAYS_EMBED_SWIFT_STANDARD_LIBRARIES = YES;
				CODE_SIGN_STYLE = Automatic;
				CURRENT_PROJECT_VERSION = 1;
				DEVELOPMENT_TEAM = 94P9U8H695;
				GENERATE_INFOPLIST_FILE = YES;
				MARKETING_VERSION = 1.0;
				PRODUCT_BUNDLE_IDENTIFIER = "RP.books-trackerUITests";
				PRODUCT_NAME = "$(TARGET_NAME)";
				SWIFT_EMIT_LOC_STRINGS = NO;
				SWIFT_VERSION = 5.0;
				TARGETED_DEVICE_FAMILY = "1,2";
				TEST_TARGET_NAME = "books-tracker";
			};
			name = Debug;
		};
		5AB6DF7229F862C600358D1F /* Release */ = {
			isa = XCBuildConfiguration;
			buildSettings = {
				ALWAYS_EMBED_SWIFT_STANDARD_LIBRARIES = YES;
				CODE_SIGN_STYLE = Automatic;
				CURRENT_PROJECT_VERSION = 1;
				DEVELOPMENT_TEAM = 94P9U8H695;
				GENERATE_INFOPLIST_FILE = YES;
				MARKETING_VERSION = 1.0;
				PRODUCT_BUNDLE_IDENTIFIER = "RP.books-trackerUITests";
				PRODUCT_NAME = "$(TARGET_NAME)";
				SWIFT_EMIT_LOC_STRINGS = NO;
				SWIFT_VERSION = 5.0;
				TARGETED_DEVICE_FAMILY = "1,2";
				TEST_TARGET_NAME = "books-tracker";
			};
			name = Release;
		};
/* End XCBuildConfiguration section */

/* Begin XCConfigurationList section */
		5AB6DF3C29F862C400358D1F /* Build configuration list for PBXProject "books-tracker" */ = {
			isa = XCConfigurationList;
			buildConfigurations = (
				5AB6DF6829F862C600358D1F /* Debug */,
				5AB6DF6929F862C600358D1F /* Release */,
			);
			defaultConfigurationIsVisible = 0;
			defaultConfigurationName = Release;
		};
		5AB6DF6A29F862C600358D1F /* Build configuration list for PBXNativeTarget "books-tracker" */ = {
			isa = XCConfigurationList;
			buildConfigurations = (
				5AB6DF6B29F862C600358D1F /* Debug */,
				5AB6DF6C29F862C600358D1F /* Release */,
			);
			defaultConfigurationIsVisible = 0;
			defaultConfigurationName = Release;
		};
		5AB6DF6D29F862C600358D1F /* Build configuration list for PBXNativeTarget "books-trackerTests" */ = {
			isa = XCConfigurationList;
			buildConfigurations = (
				5AB6DF6E29F862C600358D1F /* Debug */,
				5AB6DF6F29F862C600358D1F /* Release */,
			);
			defaultConfigurationIsVisible = 0;
			defaultConfigurationName = Release;
		};
		5AB6DF7029F862C600358D1F /* Build configuration list for PBXNativeTarget "books-trackerUITests" */ = {
			isa = XCConfigurationList;
			buildConfigurations = (
				5AB6DF7129F862C600358D1F /* Debug */,
				5AB6DF7229F862C600358D1F /* Release */,
			);
			defaultConfigurationIsVisible = 0;
			defaultConfigurationName = Release;
		};
/* End XCConfigurationList section */

/* Begin XCVersionGroup section */
		5AB6DF4F29F862C600358D1F /* books_tracker.xcdatamodeld */ = {
			isa = XCVersionGroup;
			children = (
				5AB6DF5029F862C600358D1F /* books_tracker.xcdatamodel */,
			);
			currentVersion = 5AB6DF5029F862C600358D1F /* books_tracker.xcdatamodel */;
			path = books_tracker.xcdatamodeld;
			sourceTree = "<group>";
			versionGroupType = wrapper.xcdatamodel;
		};
/* End XCVersionGroup section */
	};
	rootObject = 5AB6DF3929F862C400358D1F /* Project object */;
}
